// !$*UTF8*$!
{
	archiveVersion = 1;
	classes = {
	};
	objectVersion = 50;
	objects = {

/* Begin PBXBuildFile section */
		85B366F6E382E9DD452BB876 /* Pods_WeatherUITests.framework in Frameworks */ = {isa = PBXBuildFile; fileRef = 2CB34BA3BD901F33970279DA /* Pods_WeatherUITests.framework */; };
		DAFE9F2B216DDAA60092978F /* AppDelegate.swift in Sources */ = {isa = PBXBuildFile; fileRef = DAFE9F2A216DDAA60092978F /* AppDelegate.swift */; };
		DAFE9F2D216DDAA60092978F /* MainViewController.swift in Sources */ = {isa = PBXBuildFile; fileRef = DAFE9F2C216DDAA60092978F /* MainViewController.swift */; };
		DAFE9F30216DDAA60092978F /* Main.storyboard in Resources */ = {isa = PBXBuildFile; fileRef = DAFE9F2E216DDAA60092978F /* Main.storyboard */; };
		DAFE9F32216DDAA70092978F /* Assets.xcassets in Resources */ = {isa = PBXBuildFile; fileRef = DAFE9F31216DDAA70092978F /* Assets.xcassets */; };
		DAFE9F35216DDAA70092978F /* LaunchScreen.storyboard in Resources */ = {isa = PBXBuildFile; fileRef = DAFE9F33216DDAA70092978F /* LaunchScreen.storyboard */; };
		DAFE9F40216DDAA70092978F /* WeatherUITests.swift in Sources */ = {isa = PBXBuildFile; fileRef = DAFE9F3F216DDAA70092978F /* WeatherUITests.swift */; };
		DAFE9F512174A9820092978F /* CurrentWeather.swift in Sources */ = {isa = PBXBuildFile; fileRef = DAFE9F502174A9820092978F /* CurrentWeather.swift */; };
		DAFE9F532174A9980092978F /* WeatherType.swift in Sources */ = {isa = PBXBuildFile; fileRef = DAFE9F522174A9980092978F /* WeatherType.swift */; };
		DAFE9F562174AA620092978F /* SettingsViewController.swift in Sources */ = {isa = PBXBuildFile; fileRef = DAFE9F552174AA620092978F /* SettingsViewController.swift */; };
		DAFE9F592174C7E80092978F /* WeatherService.swift in Sources */ = {isa = PBXBuildFile; fileRef = DAFE9F582174C7E80092978F /* WeatherService.swift */; };
		DAFE9F5B2174CFDF0092978F /* Coord.swift in Sources */ = {isa = PBXBuildFile; fileRef = DAFE9F5A2174CFDF0092978F /* Coord.swift */; };
		DAFE9F5D2174D4A00092978F /* Temp.swift in Sources */ = {isa = PBXBuildFile; fileRef = DAFE9F5C2174D4A00092978F /* Temp.swift */; };
		F8D98A344E7BBDE6233BD449 /* Pods_Weather.framework in Frameworks */ = {isa = PBXBuildFile; fileRef = E07022CC6578E7861F5509AE /* Pods_Weather.framework */; };
/* End PBXBuildFile section */

/* Begin PBXContainerItemProxy section */
		DAFE9F3C216DDAA70092978F /* PBXContainerItemProxy */ = {
			isa = PBXContainerItemProxy;
			containerPortal = DAFE9F1F216DDAA60092978F /* Project object */;
			proxyType = 1;
			remoteGlobalIDString = DAFE9F26216DDAA60092978F;
			remoteInfo = Weather;
		};
/* End PBXContainerItemProxy section */

/* Begin PBXFileReference section */
		2CB34BA3BD901F33970279DA /* Pods_WeatherUITests.framework */ = {isa = PBXFileReference; explicitFileType = wrapper.framework; includeInIndex = 0; path = Pods_WeatherUITests.framework; sourceTree = BUILT_PRODUCTS_DIR; };
		780D96D1ADDA4EF21C2E5D31 /* Pods-WeatherUITests.release.xcconfig */ = {isa = PBXFileReference; includeInIndex = 1; lastKnownFileType = text.xcconfig; name = "Pods-WeatherUITests.release.xcconfig"; path = "Pods/Target Support Files/Pods-WeatherUITests/Pods-WeatherUITests.release.xcconfig"; sourceTree = "<group>"; };
		7BF7277DE6938C06657293C3 /* Pods-Weather.debug.xcconfig */ = {isa = PBXFileReference; includeInIndex = 1; lastKnownFileType = text.xcconfig; name = "Pods-Weather.debug.xcconfig"; path = "Pods/Target Support Files/Pods-Weather/Pods-Weather.debug.xcconfig"; sourceTree = "<group>"; };
		B41171B7A2722E2CD57AE04F /* Pods-WeatherUITests.debug.xcconfig */ = {isa = PBXFileReference; includeInIndex = 1; lastKnownFileType = text.xcconfig; name = "Pods-WeatherUITests.debug.xcconfig"; path = "Pods/Target Support Files/Pods-WeatherUITests/Pods-WeatherUITests.debug.xcconfig"; sourceTree = "<group>"; };
		DAFE9F27216DDAA60092978F /* Weather.app */ = {isa = PBXFileReference; explicitFileType = wrapper.application; includeInIndex = 0; path = Weather.app; sourceTree = BUILT_PRODUCTS_DIR; };
		DAFE9F2A216DDAA60092978F /* AppDelegate.swift */ = {isa = PBXFileReference; lastKnownFileType = sourcecode.swift; path = AppDelegate.swift; sourceTree = "<group>"; };
		DAFE9F2C216DDAA60092978F /* MainViewController.swift */ = {isa = PBXFileReference; lastKnownFileType = sourcecode.swift; path = MainViewController.swift; sourceTree = "<group>"; };
		DAFE9F2F216DDAA60092978F /* Base */ = {isa = PBXFileReference; lastKnownFileType = file.storyboard; name = Base; path = Base.lproj/Main.storyboard; sourceTree = "<group>"; };
		DAFE9F31216DDAA70092978F /* Assets.xcassets */ = {isa = PBXFileReference; lastKnownFileType = folder.assetcatalog; path = Assets.xcassets; sourceTree = "<group>"; };
		DAFE9F34216DDAA70092978F /* Base */ = {isa = PBXFileReference; lastKnownFileType = file.storyboard; name = Base; path = Base.lproj/LaunchScreen.storyboard; sourceTree = "<group>"; };
		DAFE9F36216DDAA70092978F /* Info.plist */ = {isa = PBXFileReference; lastKnownFileType = text.plist.xml; path = Info.plist; sourceTree = "<group>"; };
		DAFE9F3B216DDAA70092978F /* WeatherUITests.xctest */ = {isa = PBXFileReference; explicitFileType = wrapper.cfbundle; includeInIndex = 0; path = WeatherUITests.xctest; sourceTree = BUILT_PRODUCTS_DIR; };
		DAFE9F3F216DDAA70092978F /* WeatherUITests.swift */ = {isa = PBXFileReference; lastKnownFileType = sourcecode.swift; path = WeatherUITests.swift; sourceTree = "<group>"; };
		DAFE9F41216DDAA70092978F /* Info.plist */ = {isa = PBXFileReference; lastKnownFileType = text.plist.xml; path = Info.plist; sourceTree = "<group>"; };
		DAFE9F502174A9820092978F /* CurrentWeather.swift */ = {isa = PBXFileReference; lastKnownFileType = sourcecode.swift; path = CurrentWeather.swift; sourceTree = "<group>"; };
		DAFE9F522174A9980092978F /* WeatherType.swift */ = {isa = PBXFileReference; lastKnownFileType = sourcecode.swift; path = WeatherType.swift; sourceTree = "<group>"; };
		DAFE9F552174AA620092978F /* SettingsViewController.swift */ = {isa = PBXFileReference; lastKnownFileType = sourcecode.swift; path = SettingsViewController.swift; sourceTree = "<group>"; };
		DAFE9F582174C7E80092978F /* WeatherService.swift */ = {isa = PBXFileReference; lastKnownFileType = sourcecode.swift; path = WeatherService.swift; sourceTree = "<group>"; };
		DAFE9F5A2174CFDF0092978F /* Coord.swift */ = {isa = PBXFileReference; lastKnownFileType = sourcecode.swift; path = Coord.swift; sourceTree = "<group>"; };
		DAFE9F5C2174D4A00092978F /* Temp.swift */ = {isa = PBXFileReference; lastKnownFileType = sourcecode.swift; path = Temp.swift; sourceTree = "<group>"; };
		E07022CC6578E7861F5509AE /* Pods_Weather.framework */ = {isa = PBXFileReference; explicitFileType = wrapper.framework; includeInIndex = 0; path = Pods_Weather.framework; sourceTree = BUILT_PRODUCTS_DIR; };
		EA315FFEB929A1715638FAF1 /* Pods-Weather.release.xcconfig */ = {isa = PBXFileReference; includeInIndex = 1; lastKnownFileType = text.xcconfig; name = "Pods-Weather.release.xcconfig"; path = "Pods/Target Support Files/Pods-Weather/Pods-Weather.release.xcconfig"; sourceTree = "<group>"; };
/* End PBXFileReference section */

/* Begin PBXFrameworksBuildPhase section */
		DAFE9F24216DDAA60092978F /* Frameworks */ = {
			isa = PBXFrameworksBuildPhase;
			buildActionMask = 2147483647;
			files = (
				F8D98A344E7BBDE6233BD449 /* Pods_Weather.framework in Frameworks */,
			);
			runOnlyForDeploymentPostprocessing = 0;
		};
		DAFE9F38216DDAA70092978F /* Frameworks */ = {
			isa = PBXFrameworksBuildPhase;
			buildActionMask = 2147483647;
			files = (
				85B366F6E382E9DD452BB876 /* Pods_WeatherUITests.framework in Frameworks */,
			);
			runOnlyForDeploymentPostprocessing = 0;
		};
/* End PBXFrameworksBuildPhase section */

/* Begin PBXGroup section */
		0E7B0B98494DED2622502353 /* Pods */ = {
			isa = PBXGroup;
			children = (
				7BF7277DE6938C06657293C3 /* Pods-Weather.debug.xcconfig */,
				EA315FFEB929A1715638FAF1 /* Pods-Weather.release.xcconfig */,
				B41171B7A2722E2CD57AE04F /* Pods-WeatherUITests.debug.xcconfig */,
				780D96D1ADDA4EF21C2E5D31 /* Pods-WeatherUITests.release.xcconfig */,
			);
			name = Pods;
			sourceTree = "<group>";
		};
		97854DFF3D39415ED2484B9F /* Frameworks */ = {
			isa = PBXGroup;
			children = (
				E07022CC6578E7861F5509AE /* Pods_Weather.framework */,
				2CB34BA3BD901F33970279DA /* Pods_WeatherUITests.framework */,
			);
			name = Frameworks;
			sourceTree = "<group>";
		};
		DAFE9F1E216DDAA60092978F = {
			isa = PBXGroup;
			children = (
				DAFE9F29216DDAA60092978F /* Weather */,
				DAFE9F3E216DDAA70092978F /* WeatherUITests */,
				DAFE9F28216DDAA60092978F /* Products */,
				0E7B0B98494DED2622502353 /* Pods */,
				97854DFF3D39415ED2484B9F /* Frameworks */,
			);
			sourceTree = "<group>";
		};
		DAFE9F28216DDAA60092978F /* Products */ = {
			isa = PBXGroup;
			children = (
				DAFE9F27216DDAA60092978F /* Weather.app */,
				DAFE9F3B216DDAA70092978F /* WeatherUITests.xctest */,
			);
			name = Products;
			sourceTree = "<group>";
		};
		DAFE9F29216DDAA60092978F /* Weather */ = {
			isa = PBXGroup;
			children = (
				DAFE9F572174C7A20092978F /* Services */,
				DAFE9F2A216DDAA60092978F /* AppDelegate.swift */,
				DAFE9F4C2174A90B0092978F /* Controllers */,
				DAFE9F4B2174A8EB0092978F /* Models */,
				DAFE9F542174A9E40092978F /* Storyboards */,
				DAFE9F31216DDAA70092978F /* Assets.xcassets */,
				DAFE9F33216DDAA70092978F /* LaunchScreen.storyboard */,
				DAFE9F36216DDAA70092978F /* Info.plist */,
			);
			path = Weather;
			sourceTree = "<group>";
		};
		DAFE9F3E216DDAA70092978F /* WeatherUITests */ = {
			isa = PBXGroup;
			children = (
				DAFE9F3F216DDAA70092978F /* WeatherUITests.swift */,
				DAFE9F41216DDAA70092978F /* Info.plist */,
			);
			path = WeatherUITests;
			sourceTree = "<group>";
		};
		DAFE9F4B2174A8EB0092978F /* Models */ = {
			isa = PBXGroup;
			children = (
				DAFE9F502174A9820092978F /* CurrentWeather.swift */,
				DAFE9F522174A9980092978F /* WeatherType.swift */,
				DAFE9F5A2174CFDF0092978F /* Coord.swift */,
				DAFE9F5C2174D4A00092978F /* Temp.swift */,
			);
			path = Models;
			sourceTree = "<group>";
		};
		DAFE9F4C2174A90B0092978F /* Controllers */ = {
			isa = PBXGroup;
			children = (
				DAFE9F2C216DDAA60092978F /* MainViewController.swift */,
				DAFE9F552174AA620092978F /* SettingsViewController.swift */,
				DAFE9F4D2174A9290092978F /* ViewModels */,
			);
			path = Controllers;
			sourceTree = "<group>";
		};
		DAFE9F4D2174A9290092978F /* ViewModels */ = {
			isa = PBXGroup;
			children = (
			);
			path = ViewModels;
			sourceTree = "<group>";
		};
		DAFE9F542174A9E40092978F /* Storyboards */ = {
			isa = PBXGroup;
			children = (
				DAFE9F2E216DDAA60092978F /* Main.storyboard */,
			);
			path = Storyboards;
			sourceTree = "<group>";
		};
		DAFE9F572174C7A20092978F /* Services */ = {
			isa = PBXGroup;
			children = (
				DAFE9F582174C7E80092978F /* WeatherService.swift */,
			);
			path = Services;
			sourceTree = "<group>";
		};
/* End PBXGroup section */

/* Begin PBXNativeTarget section */
		DAFE9F26216DDAA60092978F /* Weather */ = {
			isa = PBXNativeTarget;
			buildConfigurationList = DAFE9F44216DDAA70092978F /* Build configuration list for PBXNativeTarget "Weather" */;
			buildPhases = (
				D509B23C16BCFB8FF526C86D /* [CP] Check Pods Manifest.lock */,
				DAFE9F23216DDAA60092978F /* Sources */,
				DAFE9F24216DDAA60092978F /* Frameworks */,
				DAFE9F25216DDAA60092978F /* Resources */,
				5836E2CDE54022230F9A45AF /* [CP] Embed Pods Frameworks */,
			);
			buildRules = (
			);
			dependencies = (
			);
			name = Weather;
			productName = Weather;
			productReference = DAFE9F27216DDAA60092978F /* Weather.app */;
			productType = "com.apple.product-type.application";
		};
		DAFE9F3A216DDAA70092978F /* WeatherUITests */ = {
			isa = PBXNativeTarget;
			buildConfigurationList = DAFE9F47216DDAA70092978F /* Build configuration list for PBXNativeTarget "WeatherUITests" */;
			buildPhases = (
				6FCE026AB484A3AD23926C78 /* [CP] Check Pods Manifest.lock */,
				DAFE9F37216DDAA70092978F /* Sources */,
				DAFE9F38216DDAA70092978F /* Frameworks */,
				DAFE9F39216DDAA70092978F /* Resources */,
			);
			buildRules = (
			);
			dependencies = (
				DAFE9F3D216DDAA70092978F /* PBXTargetDependency */,
			);
			name = WeatherUITests;
			productName = WeatherUITests;
			productReference = DAFE9F3B216DDAA70092978F /* WeatherUITests.xctest */;
			productType = "com.apple.product-type.bundle.ui-testing";
		};
/* End PBXNativeTarget section */

/* Begin PBXProject section */
		DAFE9F1F216DDAA60092978F /* Project object */ = {
			isa = PBXProject;
			attributes = {
				LastSwiftUpdateCheck = 1000;
				LastUpgradeCheck = 1000;
				ORGANIZATIONNAME = TAB;
				TargetAttributes = {
					DAFE9F26216DDAA60092978F = {
						CreatedOnToolsVersion = 10.0;
					};
					DAFE9F3A216DDAA70092978F = {
						CreatedOnToolsVersion = 10.0;
						TestTargetID = DAFE9F26216DDAA60092978F;
					};
				};
			};
			buildConfigurationList = DAFE9F22216DDAA60092978F /* Build configuration list for PBXProject "Weather" */;
			compatibilityVersion = "Xcode 9.3";
			developmentRegion = en;
			hasScannedForEncodings = 0;
			knownRegions = (
				en,
				Base,
			);
			mainGroup = DAFE9F1E216DDAA60092978F;
			productRefGroup = DAFE9F28216DDAA60092978F /* Products */;
			projectDirPath = "";
			projectRoot = "";
			targets = (
				DAFE9F26216DDAA60092978F /* Weather */,
				DAFE9F3A216DDAA70092978F /* WeatherUITests */,
			);
		};
/* End PBXProject section */

/* Begin PBXResourcesBuildPhase section */
		DAFE9F25216DDAA60092978F /* Resources */ = {
			isa = PBXResourcesBuildPhase;
			buildActionMask = 2147483647;
			files = (
				DAFE9F35216DDAA70092978F /* LaunchScreen.storyboard in Resources */,
				DAFE9F32216DDAA70092978F /* Assets.xcassets in Resources */,
				DAFE9F30216DDAA60092978F /* Main.storyboard in Resources */,
			);
			runOnlyForDeploymentPostprocessing = 0;
		};
		DAFE9F39216DDAA70092978F /* Resources */ = {
			isa = PBXResourcesBuildPhase;
			buildActionMask = 2147483647;
			files = (
			);
			runOnlyForDeploymentPostprocessing = 0;
		};
/* End PBXResourcesBuildPhase section */

/* Begin PBXShellScriptBuildPhase section */
		5836E2CDE54022230F9A45AF /* [CP] Embed Pods Frameworks */ = {
			isa = PBXShellScriptBuildPhase;
			buildActionMask = 2147483647;
			files = (
			);
			inputPaths = (
				"${SRCROOT}/Pods/Target Support Files/Pods-Weather/Pods-Weather-frameworks.sh",
				"${BUILT_PRODUCTS_DIR}/PromisesObjC/FBLPromises.framework",
				"${BUILT_PRODUCTS_DIR}/PromisesSwift/Promises.framework",
				"${BUILT_PRODUCTS_DIR}/Realm/Realm.framework",
				"${BUILT_PRODUCTS_DIR}/RealmSwift/RealmSwift.framework",
			);
			name = "[CP] Embed Pods Frameworks";
			outputPaths = (
				"${TARGET_BUILD_DIR}/${FRAMEWORKS_FOLDER_PATH}/FBLPromises.framework",
				"${TARGET_BUILD_DIR}/${FRAMEWORKS_FOLDER_PATH}/Promises.framework",
				"${TARGET_BUILD_DIR}/${FRAMEWORKS_FOLDER_PATH}/Realm.framework",
				"${TARGET_BUILD_DIR}/${FRAMEWORKS_FOLDER_PATH}/RealmSwift.framework",
			);
			runOnlyForDeploymentPostprocessing = 0;
			shellPath = /bin/sh;
			shellScript = "\"${SRCROOT}/Pods/Target Support Files/Pods-Weather/Pods-Weather-frameworks.sh\"\n";
			showEnvVarsInLog = 0;
		};
		6FCE026AB484A3AD23926C78 /* [CP] Check Pods Manifest.lock */ = {
			isa = PBXShellScriptBuildPhase;
			buildActionMask = 2147483647;
			files = (
			);
			inputPaths = (
				"${PODS_PODFILE_DIR_PATH}/Podfile.lock",
				"${PODS_ROOT}/Manifest.lock",
			);
			name = "[CP] Check Pods Manifest.lock";
			outputPaths = (
				"$(DERIVED_FILE_DIR)/Pods-WeatherUITests-checkManifestLockResult.txt",
			);
			runOnlyForDeploymentPostprocessing = 0;
			shellPath = /bin/sh;
			shellScript = "diff \"${PODS_PODFILE_DIR_PATH}/Podfile.lock\" \"${PODS_ROOT}/Manifest.lock\" > /dev/null\nif [ $? != 0 ] ; then\n    # print error to STDERR\n    echo \"error: The sandbox is not in sync with the Podfile.lock. Run 'pod install' or update your CocoaPods installation.\" >&2\n    exit 1\nfi\n# This output is used by Xcode 'outputs' to avoid re-running this script phase.\necho \"SUCCESS\" > \"${SCRIPT_OUTPUT_FILE_0}\"\n";
			showEnvVarsInLog = 0;
		};
		D509B23C16BCFB8FF526C86D /* [CP] Check Pods Manifest.lock */ = {
			isa = PBXShellScriptBuildPhase;
			buildActionMask = 2147483647;
			files = (
			);
			inputPaths = (
				"${PODS_PODFILE_DIR_PATH}/Podfile.lock",
				"${PODS_ROOT}/Manifest.lock",
			);
			name = "[CP] Check Pods Manifest.lock";
			outputPaths = (
				"$(DERIVED_FILE_DIR)/Pods-Weather-checkManifestLockResult.txt",
			);
			runOnlyForDeploymentPostprocessing = 0;
			shellPath = /bin/sh;
			shellScript = "diff \"${PODS_PODFILE_DIR_PATH}/Podfile.lock\" \"${PODS_ROOT}/Manifest.lock\" > /dev/null\nif [ $? != 0 ] ; then\n    # print error to STDERR\n    echo \"error: The sandbox is not in sync with the Podfile.lock. Run 'pod install' or update your CocoaPods installation.\" >&2\n    exit 1\nfi\n# This output is used by Xcode 'outputs' to avoid re-running this script phase.\necho \"SUCCESS\" > \"${SCRIPT_OUTPUT_FILE_0}\"\n";
			showEnvVarsInLog = 0;
		};
/* End PBXShellScriptBuildPhase section */

/* Begin PBXSourcesBuildPhase section */
		DAFE9F23216DDAA60092978F /* Sources */ = {
			isa = PBXSourcesBuildPhase;
			buildActionMask = 2147483647;
			files = (
				DAFE9F532174A9980092978F /* WeatherType.swift in Sources */,
				DAFE9F2D216DDAA60092978F /* MainViewController.swift in Sources */,
				DAFE9F5D2174D4A00092978F /* Temp.swift in Sources */,
				DAFE9F512174A9820092978F /* CurrentWeather.swift in Sources */,
				DAFE9F2B216DDAA60092978F /* AppDelegate.swift in Sources */,
				DAFE9F5B2174CFDF0092978F /* Coord.swift in Sources */,
				DAFE9F592174C7E80092978F /* WeatherService.swift in Sources */,
				DAFE9F562174AA620092978F /* SettingsViewController.swift in Sources */,
			);
			runOnlyForDeploymentPostprocessing = 0;
		};
		DAFE9F37216DDAA70092978F /* Sources */ = {
			isa = PBXSourcesBuildPhase;
			buildActionMask = 2147483647;
			files = (
				DAFE9F40216DDAA70092978F /* WeatherUITests.swift in Sources */,
			);
			runOnlyForDeploymentPostprocessing = 0;
		};
/* End PBXSourcesBuildPhase section */

/* Begin PBXTargetDependency section */
		DAFE9F3D216DDAA70092978F /* PBXTargetDependency */ = {
			isa = PBXTargetDependency;
			target = DAFE9F26216DDAA60092978F /* Weather */;
			targetProxy = DAFE9F3C216DDAA70092978F /* PBXContainerItemProxy */;
		};
/* End PBXTargetDependency section */

/* Begin PBXVariantGroup section */
		DAFE9F2E216DDAA60092978F /* Main.storyboard */ = {
			isa = PBXVariantGroup;
			children = (
				DAFE9F2F216DDAA60092978F /* Base */,
			);
			name = Main.storyboard;
			sourceTree = "<group>";
		};
		DAFE9F33216DDAA70092978F /* LaunchScreen.storyboard */ = {
			isa = PBXVariantGroup;
			children = (
				DAFE9F34216DDAA70092978F /* Base */,
			);
			name = LaunchScreen.storyboard;
			sourceTree = "<group>";
		};
/* End PBXVariantGroup section */

/* Begin XCBuildConfiguration section */
		DAFE9F42216DDAA70092978F /* Debug */ = {
			isa = XCBuildConfiguration;
			buildSettings = {
				ALWAYS_SEARCH_USER_PATHS = NO;
				CLANG_ANALYZER_NONNULL = YES;
				CLANG_ANALYZER_NUMBER_OBJECT_CONVERSION = YES_AGGRESSIVE;
				CLANG_CXX_LANGUAGE_STANDARD = "gnu++14";
				CLANG_CXX_LIBRARY = "libc++";
				CLANG_ENABLE_MODULES = YES;
				CLANG_ENABLE_OBJC_ARC = YES;
				CLANG_ENABLE_OBJC_WEAK = YES;
				CLANG_WARN_BLOCK_CAPTURE_AUTORELEASING = YES;
				CLANG_WARN_BOOL_CONVERSION = YES;
				CLANG_WARN_COMMA = YES;
				CLANG_WARN_CONSTANT_CONVERSION = YES;
				CLANG_WARN_DEPRECATED_OBJC_IMPLEMENTATIONS = YES;
				CLANG_WARN_DIRECT_OBJC_ISA_USAGE = YES_ERROR;
				CLANG_WARN_DOCUMENTATION_COMMENTS = YES;
				CLANG_WARN_EMPTY_BODY = YES;
				CLANG_WARN_ENUM_CONVERSION = YES;
				CLANG_WARN_INFINITE_RECURSION = YES;
				CLANG_WARN_INT_CONVERSION = YES;
				CLANG_WARN_NON_LITERAL_NULL_CONVERSION = YES;
				CLANG_WARN_OBJC_IMPLICIT_RETAIN_SELF = YES;
				CLANG_WARN_OBJC_LITERAL_CONVERSION = YES;
				CLANG_WARN_OBJC_ROOT_CLASS = YES_ERROR;
				CLANG_WARN_RANGE_LOOP_ANALYSIS = YES;
				CLANG_WARN_STRICT_PROTOTYPES = YES;
				CLANG_WARN_SUSPICIOUS_MOVE = YES;
				CLANG_WARN_UNGUARDED_AVAILABILITY = YES_AGGRESSIVE;
				CLANG_WARN_UNREACHABLE_CODE = YES;
				CLANG_WARN__DUPLICATE_METHOD_MATCH = YES;
				CODE_SIGN_IDENTITY = "iPhone Developer";
				COPY_PHASE_STRIP = NO;
				DEBUG_INFORMATION_FORMAT = dwarf;
				ENABLE_STRICT_OBJC_MSGSEND = YES;
				ENABLE_TESTABILITY = YES;
				GCC_C_LANGUAGE_STANDARD = gnu11;
				GCC_DYNAMIC_NO_PIC = NO;
				GCC_NO_COMMON_BLOCKS = YES;
				GCC_OPTIMIZATION_LEVEL = 0;
				GCC_PREPROCESSOR_DEFINITIONS = (
					"DEBUG=1",
					"$(inherited)",
				);
				GCC_WARN_64_TO_32_BIT_CONVERSION = YES;
				GCC_WARN_ABOUT_RETURN_TYPE = YES_ERROR;
				GCC_WARN_UNDECLARED_SELECTOR = YES;
				GCC_WARN_UNINITIALIZED_AUTOS = YES_AGGRESSIVE;
				GCC_WARN_UNUSED_FUNCTION = YES;
				GCC_WARN_UNUSED_VARIABLE = YES;
				IPHONEOS_DEPLOYMENT_TARGET = 12.0;
				MTL_ENABLE_DEBUG_INFO = INCLUDE_SOURCE;
				MTL_FAST_MATH = YES;
				ONLY_ACTIVE_ARCH = YES;
				SDKROOT = iphoneos;
				SWIFT_ACTIVE_COMPILATION_CONDITIONS = DEBUG;
				SWIFT_OPTIMIZATION_LEVEL = "-Onone";
			};
			name = Debug;
		};
		DAFE9F43216DDAA70092978F /* Release */ = {
			isa = XCBuildConfiguration;
			buildSettings = {
				ALWAYS_SEARCH_USER_PATHS = NO;
				CLANG_ANALYZER_NONNULL = YES;
				CLANG_ANALYZER_NUMBER_OBJECT_CONVERSION = YES_AGGRESSIVE;
				CLANG_CXX_LANGUAGE_STANDARD = "gnu++14";
				CLANG_CXX_LIBRARY = "libc++";
				CLANG_ENABLE_MODULES = YES;
				CLANG_ENABLE_OBJC_ARC = YES;
				CLANG_ENABLE_OBJC_WEAK = YES;
				CLANG_WARN_BLOCK_CAPTURE_AUTORELEASING = YES;
				CLANG_WARN_BOOL_CONVERSION = YES;
				CLANG_WARN_COMMA = YES;
				CLANG_WARN_CONSTANT_CONVERSION = YES;
				CLANG_WARN_DEPRECATED_OBJC_IMPLEMENTATIONS = YES;
				CLANG_WARN_DIRECT_OBJC_ISA_USAGE = YES_ERROR;
				CLANG_WARN_DOCUMENTATION_COMMENTS = YES;
				CLANG_WARN_EMPTY_BODY = YES;
				CLANG_WARN_ENUM_CONVERSION = YES;
				CLANG_WARN_INFINITE_RECURSION = YES;
				CLANG_WARN_INT_CONVERSION = YES;
				CLANG_WARN_NON_LITERAL_NULL_CONVERSION = YES;
				CLANG_WARN_OBJC_IMPLICIT_RETAIN_SELF = YES;
				CLANG_WARN_OBJC_LITERAL_CONVERSION = YES;
				CLANG_WARN_OBJC_ROOT_CLASS = YES_ERROR;
				CLANG_WARN_RANGE_LOOP_ANALYSIS = YES;
				CLANG_WARN_STRICT_PROTOTYPES = YES;
				CLANG_WARN_SUSPICIOUS_MOVE = YES;
				CLANG_WARN_UNGUARDED_AVAILABILITY = YES_AGGRESSIVE;
				CLANG_WARN_UNREACHABLE_CODE = YES;
				CLANG_WARN__DUPLICATE_METHOD_MATCH = YES;
				CODE_SIGN_IDENTITY = "iPhone Developer";
				COPY_PHASE_STRIP = NO;
				DEBUG_INFORMATION_FORMAT = "dwarf-with-dsym";
				ENABLE_NS_ASSERTIONS = NO;
				ENABLE_STRICT_OBJC_MSGSEND = YES;
				GCC_C_LANGUAGE_STANDARD = gnu11;
				GCC_NO_COMMON_BLOCKS = YES;
				GCC_WARN_64_TO_32_BIT_CONVERSION = YES;
				GCC_WARN_ABOUT_RETURN_TYPE = YES_ERROR;
				GCC_WARN_UNDECLARED_SELECTOR = YES;
				GCC_WARN_UNINITIALIZED_AUTOS = YES_AGGRESSIVE;
				GCC_WARN_UNUSED_FUNCTION = YES;
				GCC_WARN_UNUSED_VARIABLE = YES;
				IPHONEOS_DEPLOYMENT_TARGET = 12.0;
				MTL_ENABLE_DEBUG_INFO = NO;
				MTL_FAST_MATH = YES;
				SDKROOT = iphoneos;
				SWIFT_COMPILATION_MODE = wholemodule;
				SWIFT_OPTIMIZATION_LEVEL = "-O";
				VALIDATE_PRODUCT = YES;
			};
			name = Release;
		};
		DAFE9F45216DDAA70092978F /* Debug */ = {
			isa = XCBuildConfiguration;
			baseConfigurationReference = 7BF7277DE6938C06657293C3 /* Pods-Weather.debug.xcconfig */;
			buildSettings = {
				ASSETCATALOG_COMPILER_APPICON_NAME = AppIcon;
				CODE_SIGN_STYLE = Automatic;
				DEVELOPMENT_TEAM = V8N2E675LJ;
				INFOPLIST_FILE = Weather/Info.plist;
				IPHONEOS_DEPLOYMENT_TARGET = 11.4;
				LD_RUNPATH_SEARCH_PATHS = (
					"$(inherited)",
					"@executable_path/Frameworks",
				);
				PRODUCT_BUNDLE_IDENTIFIER = uk.co.tab.Weather;
				PRODUCT_NAME = "$(TARGET_NAME)";
				SWIFT_VERSION = 4.2;
				TARGETED_DEVICE_FAMILY = 1;
			};
			name = Debug;
		};
		DAFE9F46216DDAA70092978F /* Release */ = {
			isa = XCBuildConfiguration;
			baseConfigurationReference = EA315FFEB929A1715638FAF1 /* Pods-Weather.release.xcconfig */;
			buildSettings = {
				ASSETCATALOG_COMPILER_APPICON_NAME = AppIcon;
				CODE_SIGN_STYLE = Automatic;
				DEVELOPMENT_TEAM = V8N2E675LJ;
				INFOPLIST_FILE = Weather/Info.plist;
				IPHONEOS_DEPLOYMENT_TARGET = 11.4;
				LD_RUNPATH_SEARCH_PATHS = (
					"$(inherited)",
					"@executable_path/Frameworks",
				);
				PRODUCT_BUNDLE_IDENTIFIER = uk.co.tab.Weather;
				PRODUCT_NAME = "$(TARGET_NAME)";
				SWIFT_VERSION = 4.2;
				TARGETED_DEVICE_FAMILY = 1;
			};
			name = Release;
		};
		DAFE9F48216DDAA70092978F /* Debug */ = {
			isa = XCBuildConfiguration;
			baseConfigurationReference = B41171B7A2722E2CD57AE04F /* Pods-WeatherUITests.debug.xcconfig */;
			buildSettings = {
				ALWAYS_EMBED_SWIFT_STANDARD_LIBRARIES = YES;
				CODE_SIGN_STYLE = Automatic;
				DEVELOPMENT_TEAM = V8N2E675LJ;
				INFOPLIST_FILE = WeatherUITests/Info.plist;
				LD_RUNPATH_SEARCH_PATHS = (
					"$(inherited)",
					"@executable_path/Frameworks",
					"@loader_path/Frameworks",
				);
				PRODUCT_BUNDLE_IDENTIFIER = uk.co.tab.WeatherUITests;
				PRODUCT_NAME = "$(TARGET_NAME)";
				SWIFT_VERSION = 4.2;
				TARGETED_DEVICE_FAMILY = "1,2";
				TEST_TARGET_NAME = Weather;
			};
			name = Debug;
		};
		DAFE9F49216DDAA70092978F /* Release */ = {
			isa = XCBuildConfiguration;
			baseConfigurationReference = 780D96D1ADDA4EF21C2E5D31 /* Pods-WeatherUITests.release.xcconfig */;
			buildSettings = {
				ALWAYS_EMBED_SWIFT_STANDARD_LIBRARIES = YES;
				CODE_SIGN_STYLE = Automatic;
				DEVELOPMENT_TEAM = V8N2E675LJ;
				INFOPLIST_FILE = WeatherUITests/Info.plist;
				LD_RUNPATH_SEARCH_PATHS = (
					"$(inherited)",
					"@executable_path/Frameworks",
					"@loader_path/Frameworks",
				);
				PRODUCT_BUNDLE_IDENTIFIER = uk.co.tab.WeatherUITests;
				PRODUCT_NAME = "$(TARGET_NAME)";
				SWIFT_VERSION = 4.2;
				TARGETED_DEVICE_FAMILY = "1,2";
				TEST_TARGET_NAME = Weather;
			};
			name = Release;
		};
/* End XCBuildConfiguration section */

/* Begin XCConfigurationList section */
		DAFE9F22216DDAA60092978F /* Build configuration list for PBXProject "Weather" */ = {
			isa = XCConfigurationList;
			buildConfigurations = (
				DAFE9F42216DDAA70092978F /* Debug */,
				DAFE9F43216DDAA70092978F /* Release */,
			);
			defaultConfigurationIsVisible = 0;
			defaultConfigurationName = Release;
		};
		DAFE9F44216DDAA70092978F /* Build configuration list for PBXNativeTarget "Weather" */ = {
			isa = XCConfigurationList;
			buildConfigurations = (
				DAFE9F45216DDAA70092978F /* Debug */,
				DAFE9F46216DDAA70092978F /* Release */,
			);
			defaultConfigurationIsVisible = 0;
			defaultConfigurationName = Release;
		};
		DAFE9F47216DDAA70092978F /* Build configuration list for PBXNativeTarget "WeatherUITests" */ = {
			isa = XCConfigurationList;
			buildConfigurations = (
				DAFE9F48216DDAA70092978F /* Debug */,
				DAFE9F49216DDAA70092978F /* Release */,
			);
			defaultConfigurationIsVisible = 0;
			defaultConfigurationName = Release;
		};
/* End XCConfigurationList section */
	};
	rootObject = DAFE9F1F216DDAA60092978F /* Project object */;
}
